// !$*UTF8*$!
{
	archiveVersion = 1;
	classes = {
	};
	objectVersion = 51;
	objects = {

/* Begin PBXBuildFile section */
		9BC2F6DC24F83735006DD70F /* AppDelegate.swift in Sources */ = {isa = PBXBuildFile; fileRef = 9BC2F6DB24F83735006DD70F /* AppDelegate.swift */; };
		9BC2F6DE24F83735006DD70F /* SceneDelegate.swift in Sources */ = {isa = PBXBuildFile; fileRef = 9BC2F6DD24F83735006DD70F /* SceneDelegate.swift */; };
		9BC2F6E524F8373A006DD70F /* Assets.xcassets in Resources */ = {isa = PBXBuildFile; fileRef = 9BC2F6E424F8373A006DD70F /* Assets.xcassets */; };
		9BC2F6E824F8373A006DD70F /* LaunchScreen.storyboard in Resources */ = {isa = PBXBuildFile; fileRef = 9BC2F6E624F8373A006DD70F /* LaunchScreen.storyboard */; };
		9BC2F6F024F839A6006DD70F /* DashboardCtrl.swift in Sources */ = {isa = PBXBuildFile; fileRef = 9BC2F6EF24F839A6006DD70F /* DashboardCtrl.swift */; };
		9BC2F6F224F83A0D006DD70F /* PieCtrl.swift in Sources */ = {isa = PBXBuildFile; fileRef = 9BC2F6F124F83A0D006DD70F /* PieCtrl.swift */; };
		9BC2F6F424F83B2E006DD70F /* UIView+Extension.swift in Sources */ = {isa = PBXBuildFile; fileRef = 9BC2F6F324F83B2E006DD70F /* UIView+Extension.swift */; };
		9BC2F6F724F83D8D006DD70F /* UIViewController+Extension.swift in Sources */ = {isa = PBXBuildFile; fileRef = 9BC2F6F624F83D8D006DD70F /* UIViewController+Extension.swift */; };
		9BC2F6F924F842C4006DD70F /* PieService.swift in Sources */ = {isa = PBXBuildFile; fileRef = 9BC2F6F824F842C4006DD70F /* PieService.swift */; };
		9BC2F6FC24F847D9006DD70F /* BarGraphCtrl.swift in Sources */ = {isa = PBXBuildFile; fileRef = 9BC2F6FB24F847D9006DD70F /* BarGraphCtrl.swift */; };
		9BC2F6FF24F848A2006DD70F /* BarGraphService.swift in Sources */ = {isa = PBXBuildFile; fileRef = 9BC2F6FE24F848A2006DD70F /* BarGraphService.swift */; };
		9BC2F70124F84BC8006DD70F /* CamerCtrl.swift in Sources */ = {isa = PBXBuildFile; fileRef = 9BC2F70024F84BC8006DD70F /* CamerCtrl.swift */; };
		9BC2F70424F84CDD006DD70F /* CameraView.swift in Sources */ = {isa = PBXBuildFile; fileRef = 9BC2F70324F84CDD006DD70F /* CameraView.swift */; };
		E3198469D340581B2CF57993 /* Pods_FaceChart.framework in Frameworks */ = {isa = PBXBuildFile; fileRef = 5EA444ECFC6BE8A3965442EC /* Pods_FaceChart.framework */; };
/* End PBXBuildFile section */

/* Begin PBXFileReference section */
		5EA444ECFC6BE8A3965442EC /* Pods_FaceChart.framework */ = {isa = PBXFileReference; explicitFileType = wrapper.framework; includeInIndex = 0; path = Pods_FaceChart.framework; sourceTree = BUILT_PRODUCTS_DIR; };
		9BC2F6D824F83735006DD70F /* FaceChart.app */ = {isa = PBXFileReference; explicitFileType = wrapper.application; includeInIndex = 0; path = FaceChart.app; sourceTree = BUILT_PRODUCTS_DIR; };
		9BC2F6DB24F83735006DD70F /* AppDelegate.swift */ = {isa = PBXFileReference; lastKnownFileType = sourcecode.swift; path = AppDelegate.swift; sourceTree = "<group>"; };
		9BC2F6DD24F83735006DD70F /* SceneDelegate.swift */ = {isa = PBXFileReference; lastKnownFileType = sourcecode.swift; path = SceneDelegate.swift; sourceTree = "<group>"; };
		9BC2F6E424F8373A006DD70F /* Assets.xcassets */ = {isa = PBXFileReference; lastKnownFileType = folder.assetcatalog; path = Assets.xcassets; sourceTree = "<group>"; };
		9BC2F6E724F8373A006DD70F /* Base */ = {isa = PBXFileReference; lastKnownFileType = file.storyboard; name = Base; path = Base.lproj/LaunchScreen.storyboard; sourceTree = "<group>"; };
		9BC2F6E924F8373A006DD70F /* Info.plist */ = {isa = PBXFileReference; lastKnownFileType = text.plist.xml; path = Info.plist; sourceTree = "<group>"; };
		9BC2F6EF24F839A6006DD70F /* DashboardCtrl.swift */ = {isa = PBXFileReference; lastKnownFileType = sourcecode.swift; path = DashboardCtrl.swift; sourceTree = "<group>"; };
		9BC2F6F124F83A0D006DD70F /* PieCtrl.swift */ = {isa = PBXFileReference; lastKnownFileType = sourcecode.swift; path = PieCtrl.swift; sourceTree = "<group>"; };
		9BC2F6F324F83B2E006DD70F /* UIView+Extension.swift */ = {isa = PBXFileReference; lastKnownFileType = sourcecode.swift; path = "UIView+Extension.swift"; sourceTree = "<group>"; };
		9BC2F6F624F83D8D006DD70F /* UIViewController+Extension.swift */ = {isa = PBXFileReference; lastKnownFileType = sourcecode.swift; path = "UIViewController+Extension.swift"; sourceTree = "<group>"; };
		9BC2F6F824F842C4006DD70F /* PieService.swift */ = {isa = PBXFileReference; lastKnownFileType = sourcecode.swift; path = PieService.swift; sourceTree = "<group>"; };
		9BC2F6FB24F847D9006DD70F /* BarGraphCtrl.swift */ = {isa = PBXFileReference; lastKnownFileType = sourcecode.swift; path = BarGraphCtrl.swift; sourceTree = "<group>"; };
		9BC2F6FE24F848A2006DD70F /* BarGraphService.swift */ = {isa = PBXFileReference; lastKnownFileType = sourcecode.swift; path = BarGraphService.swift; sourceTree = "<group>"; };
		9BC2F70024F84BC8006DD70F /* CamerCtrl.swift */ = {isa = PBXFileReference; lastKnownFileType = sourcecode.swift; path = CamerCtrl.swift; sourceTree = "<group>"; };
		9BC2F70324F84CDD006DD70F /* CameraView.swift */ = {isa = PBXFileReference; lastKnownFileType = sourcecode.swift; path = CameraView.swift; sourceTree = "<group>"; };
		BA3538D4C9CF9BB7EB90064E /* Pods-FaceChart.release.xcconfig */ = {isa = PBXFileReference; includeInIndex = 1; lastKnownFileType = text.xcconfig; name = "Pods-FaceChart.release.xcconfig"; path = "Target Support Files/Pods-FaceChart/Pods-FaceChart.release.xcconfig"; sourceTree = "<group>"; };
		FFDB43B1B9A329212224C983 /* Pods-FaceChart.debug.xcconfig */ = {isa = PBXFileReference; includeInIndex = 1; lastKnownFileType = text.xcconfig; name = "Pods-FaceChart.debug.xcconfig"; path = "Target Support Files/Pods-FaceChart/Pods-FaceChart.debug.xcconfig"; sourceTree = "<group>"; };
/* End PBXFileReference section */

/* Begin PBXFrameworksBuildPhase section */
		9BC2F6D524F83735006DD70F /* Frameworks */ = {
			isa = PBXFrameworksBuildPhase;
			buildActionMask = 2147483647;
			files = (
				E3198469D340581B2CF57993 /* Pods_FaceChart.framework in Frameworks */,
			);
			runOnlyForDeploymentPostprocessing = 0;
		};
/* End PBXFrameworksBuildPhase section */

/* Begin PBXGroup section */
		32DD88D3A7476068D4653E16 /* Pods */ = {
			isa = PBXGroup;
			children = (
				FFDB43B1B9A329212224C983 /* Pods-FaceChart.debug.xcconfig */,
				BA3538D4C9CF9BB7EB90064E /* Pods-FaceChart.release.xcconfig */,
			);
			path = Pods;
			sourceTree = "<group>";
		};
		9BC2F6CF24F83735006DD70F = {
			isa = PBXGroup;
			children = (
				9BC2F6DA24F83735006DD70F /* FaceChart */,
				9BC2F6D924F83735006DD70F /* Products */,
				32DD88D3A7476068D4653E16 /* Pods */,
				F6A6BC07043C8ECA289A7D9B /* Frameworks */,
			);
			sourceTree = "<group>";
		};
		9BC2F6D924F83735006DD70F /* Products */ = {
			isa = PBXGroup;
			children = (
				9BC2F6D824F83735006DD70F /* FaceChart.app */,
			);
			name = Products;
			sourceTree = "<group>";
		};
		9BC2F6DA24F83735006DD70F /* FaceChart */ = {
			isa = PBXGroup;
			children = (
				9BC2F6DB24F83735006DD70F /* AppDelegate.swift */,
				9BC2F6DD24F83735006DD70F /* SceneDelegate.swift */,
				9BC2F6EF24F839A6006DD70F /* DashboardCtrl.swift */,
				9BC2F70224F84BCE006DD70F /* Camera */,
				9BC2F6FD24F847E8006DD70F /* BarGraph */,
				9BC2F6FA24F84316006DD70F /* Pie */,
				9BC2F6E424F8373A006DD70F /* Assets.xcassets */,
				9BC2F6F524F83D7D006DD70F /* Extensions */,
				9BC2F6E624F8373A006DD70F /* LaunchScreen.storyboard */,
				9BC2F6E924F8373A006DD70F /* Info.plist */,
			);
			path = FaceChart;
			sourceTree = "<group>";
		};
		9BC2F6F524F83D7D006DD70F /* Extensions */ = {
			isa = PBXGroup;
			children = (
				9BC2F6F324F83B2E006DD70F /* UIView+Extension.swift */,
				9BC2F6F624F83D8D006DD70F /* UIViewController+Extension.swift */,
			);
			path = Extensions;
			sourceTree = "<group>";
		};
		9BC2F6FA24F84316006DD70F /* Pie */ = {
			isa = PBXGroup;
			children = (
				9BC2F6F124F83A0D006DD70F /* PieCtrl.swift */,
				9BC2F6F824F842C4006DD70F /* PieService.swift */,
			);
			path = Pie;
			sourceTree = "<group>";
		};
		9BC2F6FD24F847E8006DD70F /* BarGraph */ = {
			isa = PBXGroup;
			children = (
				9BC2F6FB24F847D9006DD70F /* BarGraphCtrl.swift */,
				9BC2F6FE24F848A2006DD70F /* BarGraphService.swift */,
			);
			path = BarGraph;
			sourceTree = "<group>";
		};
		9BC2F70224F84BCE006DD70F /* Camera */ = {
			isa = PBXGroup;
			children = (
				9BC2F70024F84BC8006DD70F /* CamerCtrl.swift */,
				9BC2F70324F84CDD006DD70F /* CameraView.swift */,
			);
			path = Camera;
			sourceTree = "<group>";
		};
		F6A6BC07043C8ECA289A7D9B /* Frameworks */ = {
			isa = PBXGroup;
			children = (
				5EA444ECFC6BE8A3965442EC /* Pods_FaceChart.framework */,
			);
			name = Frameworks;
			sourceTree = "<group>";
		};
/* End PBXGroup section */

/* Begin PBXNativeTarget section */
		9BC2F6D724F83735006DD70F /* FaceChart */ = {
			isa = PBXNativeTarget;
			buildConfigurationList = 9BC2F6EC24F8373A006DD70F /* Build configuration list for PBXNativeTarget "FaceChart" */;
			buildPhases = (
				AB6236680196C4E35FF84077 /* [CP] Check Pods Manifest.lock */,
				9BC2F6D424F83735006DD70F /* Sources */,
				9BC2F6D524F83735006DD70F /* Frameworks */,
				9BC2F6D624F83735006DD70F /* Resources */,
				B74E98D7349127A868A729BB /* [CP] Embed Pods Frameworks */,
			);
			buildRules = (
			);
			dependencies = (
			);
			name = FaceChart;
			productName = FaceChart;
			productReference = 9BC2F6D824F83735006DD70F /* FaceChart.app */;
			productType = "com.apple.product-type.application";
		};
/* End PBXNativeTarget section */

/* Begin PBXProject section */
		9BC2F6D024F83735006DD70F /* Project object */ = {
			isa = PBXProject;
			attributes = {
				LastSwiftUpdateCheck = 1160;
				LastUpgradeCheck = 1160;
				ORGANIZATIONNAME = miff.me;
				TargetAttributes = {
					9BC2F6D724F83735006DD70F = {
						CreatedOnToolsVersion = 11.6;
					};
				};
			};
			buildConfigurationList = 9BC2F6D324F83735006DD70F /* Build configuration list for PBXProject "FaceChart" */;
			compatibilityVersion = "Xcode 9.3";
			developmentRegion = en;
			hasScannedForEncodings = 0;
			knownRegions = (
				en,
				Base,
			);
			mainGroup = 9BC2F6CF24F83735006DD70F;
			productRefGroup = 9BC2F6D924F83735006DD70F /* Products */;
			projectDirPath = "";
			projectRoot = "";
			targets = (
				9BC2F6D724F83735006DD70F /* FaceChart */,
			);
		};
/* End PBXProject section */

/* Begin PBXResourcesBuildPhase section */
		9BC2F6D624F83735006DD70F /* Resources */ = {
			isa = PBXResourcesBuildPhase;
			buildActionMask = 2147483647;
			files = (
				9BC2F6E824F8373A006DD70F /* LaunchScreen.storyboard in Resources */,
				9BC2F6E524F8373A006DD70F /* Assets.xcassets in Resources */,
			);
			runOnlyForDeploymentPostprocessing = 0;
		};
/* End PBXResourcesBuildPhase section */

/* Begin PBXShellScriptBuildPhase section */
		AB6236680196C4E35FF84077 /* [CP] Check Pods Manifest.lock */ = {
			isa = PBXShellScriptBuildPhase;
			buildActionMask = 2147483647;
			files = (
			);
			inputFileListPaths = (
			);
			inputPaths = (
				"${PODS_PODFILE_DIR_PATH}/Podfile.lock",
				"${PODS_ROOT}/Manifest.lock",
			);
			name = "[CP] Check Pods Manifest.lock";
			outputFileListPaths = (
			);
			outputPaths = (
				"$(DERIVED_FILE_DIR)/Pods-FaceChart-checkManifestLockResult.txt",
			);
			runOnlyForDeploymentPostprocessing = 0;
			shellPath = /bin/sh;
			shellScript = "diff \"${PODS_PODFILE_DIR_PATH}/Podfile.lock\" \"${PODS_ROOT}/Manifest.lock\" > /dev/null\nif [ $? != 0 ] ; then\n    # print error to STDERR\n    echo \"error: The sandbox is not in sync with the Podfile.lock. Run 'pod install' or update your CocoaPods installation.\" >&2\n    exit 1\nfi\n# This output is used by Xcode 'outputs' to avoid re-running this script phase.\necho \"SUCCESS\" > \"${SCRIPT_OUTPUT_FILE_0}\"\n";
			showEnvVarsInLog = 0;
		};
		B74E98D7349127A868A729BB /* [CP] Embed Pods Frameworks */ = {
			isa = PBXShellScriptBuildPhase;
			buildActionMask = 2147483647;
			files = (
			);
			inputFileListPaths = (
				"${PODS_ROOT}/Target Support Files/Pods-FaceChart/Pods-FaceChart-frameworks-${CONFIGURATION}-input-files.xcfilelist",
			);
			name = "[CP] Embed Pods Frameworks";
			outputFileListPaths = (
				"${PODS_ROOT}/Target Support Files/Pods-FaceChart/Pods-FaceChart-frameworks-${CONFIGURATION}-output-files.xcfilelist",
			);
			runOnlyForDeploymentPostprocessing = 0;
			shellPath = /bin/sh;
			shellScript = "\"${PODS_ROOT}/Target Support Files/Pods-FaceChart/Pods-FaceChart-frameworks.sh\"\n";
			showEnvVarsInLog = 0;
		};
/* End PBXShellScriptBuildPhase section */

/* Begin PBXSourcesBuildPhase section */
		9BC2F6D424F83735006DD70F /* Sources */ = {
			isa = PBXSourcesBuildPhase;
			buildActionMask = 2147483647;
			files = (
				9BC2F6F724F83D8D006DD70F /* UIViewController+Extension.swift in Sources */,
				9BC2F6FC24F847D9006DD70F /* BarGraphCtrl.swift in Sources */,
				9BC2F6DC24F83735006DD70F /* AppDelegate.swift in Sources */,
				9BC2F6DE24F83735006DD70F /* SceneDelegate.swift in Sources */,
				9BC2F6F924F842C4006DD70F /* PieService.swift in Sources */,
				9BC2F70124F84BC8006DD70F /* CamerCtrl.swift in Sources */,
				9BC2F6F024F839A6006DD70F /* DashboardCtrl.swift in Sources */,
				9BC2F70424F84CDD006DD70F /* CameraView.swift in Sources */,
				9BC2F6F424F83B2E006DD70F /* UIView+Extension.swift in Sources */,
				9BC2F6FF24F848A2006DD70F /* BarGraphService.swift in Sources */,
				9BC2F6F224F83A0D006DD70F /* PieCtrl.swift in Sources */,
			);
			runOnlyForDeploymentPostprocessing = 0;
		};
/* End PBXSourcesBuildPhase section */

/* Begin PBXVariantGroup section */
		9BC2F6E624F8373A006DD70F /* LaunchScreen.storyboard */ = {
			isa = PBXVariantGroup;
			children = (
				9BC2F6E724F8373A006DD70F /* Base */,
			);
			name = LaunchScreen.storyboard;
			sourceTree = "<group>";
		};
/* End PBXVariantGroup section */

/* Begin XCBuildConfiguration section */
		9BC2F6EA24F8373A006DD70F /* Debug */ = {
			isa = XCBuildConfiguration;
			buildSettings = {
				ALWAYS_SEARCH_USER_PATHS = NO;
				CLANG_ANALYZER_NONNULL = YES;
				CLANG_ANALYZER_NUMBER_OBJECT_CONVERSION = YES_AGGRESSIVE;
				CLANG_CXX_LANGUAGE_STANDARD = "gnu++14";
				CLANG_CXX_LIBRARY = "libc++";
				CLANG_ENABLE_MODULES = YES;
				CLANG_ENABLE_OBJC_ARC = YES;
				CLANG_ENABLE_OBJC_WEAK = YES;
				CLANG_WARN_BLOCK_CAPTURE_AUTORELEASING = YES;
				CLANG_WARN_BOOL_CONVERSION = YES;
				CLANG_WARN_COMMA = YES;
				CLANG_WARN_CONSTANT_CONVERSION = YES;
				CLANG_WARN_DEPRECATED_OBJC_IMPLEMENTATIONS = YES;
				CLANG_WARN_DIRECT_OBJC_ISA_USAGE = YES_ERROR;
				CLANG_WARN_DOCUMENTATION_COMMENTS = YES;
				CLANG_WARN_EMPTY_BODY = YES;
				CLANG_WARN_ENUM_CONVERSION = YES;
				CLANG_WARN_INFINITE_RECURSION = YES;
				CLANG_WARN_INT_CONVERSION = YES;
				CLANG_WARN_NON_LITERAL_NULL_CONVERSION = YES;
				CLANG_WARN_OBJC_IMPLICIT_RETAIN_SELF = YES;
				CLANG_WARN_OBJC_LITERAL_CONVERSION = YES;
				CLANG_WARN_OBJC_ROOT_CLASS = YES_ERROR;
				CLANG_WARN_RANGE_LOOP_ANALYSIS = YES;
				CLANG_WARN_STRICT_PROTOTYPES = YES;
				CLANG_WARN_SUSPICIOUS_MOVE = YES;
				CLANG_WARN_UNGUARDED_AVAILABILITY = YES_AGGRESSIVE;
				CLANG_WARN_UNREACHABLE_CODE = YES;
				CLANG_WARN__DUPLICATE_METHOD_MATCH = YES;
				COPY_PHASE_STRIP = NO;
				DEBUG_INFORMATION_FORMAT = dwarf;
				ENABLE_STRICT_OBJC_MSGSEND = YES;
				ENABLE_TESTABILITY = YES;
				GCC_C_LANGUAGE_STANDARD = gnu11;
				GCC_DYNAMIC_NO_PIC = NO;
				GCC_NO_COMMON_BLOCKS = YES;
				GCC_OPTIMIZATION_LEVEL = 0;
				GCC_PREPROCESSOR_DEFINITIONS = (
					"DEBUG=1",
					"$(inherited)",
				);
				GCC_WARN_64_TO_32_BIT_CONVERSION = YES;
				GCC_WARN_ABOUT_RETURN_TYPE = YES_ERROR;
				GCC_WARN_UNDECLARED_SELECTOR = YES;
				GCC_WARN_UNINITIALIZED_AUTOS = YES_AGGRESSIVE;
				GCC_WARN_UNUSED_FUNCTION = YES;
				GCC_WARN_UNUSED_VARIABLE = YES;
				IPHONEOS_DEPLOYMENT_TARGET = 13.6;
				MTL_ENABLE_DEBUG_INFO = INCLUDE_SOURCE;
				MTL_FAST_MATH = YES;
				ONLY_ACTIVE_ARCH = YES;
				SDKROOT = iphoneos;
				SWIFT_ACTIVE_COMPILATION_CONDITIONS = DEBUG;
				SWIFT_OPTIMIZATION_LEVEL = "-Onone";
			};
			name = Debug;
		};
		9BC2F6EB24F8373A006DD70F /* Release */ = {
			isa = XCBuildConfiguration;
			buildSettings = {
				ALWAYS_SEARCH_USER_PATHS = NO;
				CLANG_ANALYZER_NONNULL = YES;
				CLANG_ANALYZER_NUMBER_OBJECT_CONVERSION = YES_AGGRESSIVE;
				CLANG_CXX_LANGUAGE_STANDARD = "gnu++14";
				CLANG_CXX_LIBRARY = "libc++";
				CLANG_ENABLE_MODULES = YES;
				CLANG_ENABLE_OBJC_ARC = YES;
				CLANG_ENABLE_OBJC_WEAK = YES;
				CLANG_WARN_BLOCK_CAPTURE_AUTORELEASING = YES;
				CLANG_WARN_BOOL_CONVERSION = YES;
				CLANG_WARN_COMMA = YES;
				CLANG_WARN_CONSTANT_CONVERSION = YES;
				CLANG_WARN_DEPRECATED_OBJC_IMPLEMENTATIONS = YES;
				CLANG_WARN_DIRECT_OBJC_ISA_USAGE = YES_ERROR;
				CLANG_WARN_DOCUMENTATION_COMMENTS = YES;
				CLANG_WARN_EMPTY_BODY = YES;
				CLANG_WARN_ENUM_CONVERSION = YES;
				CLANG_WARN_INFINITE_RECURSION = YES;
				CLANG_WARN_INT_CONVERSION = YES;
				CLANG_WARN_NON_LITERAL_NULL_CONVERSION = YES;
				CLANG_WARN_OBJC_IMPLICIT_RETAIN_SELF = YES;
				CLANG_WARN_OBJC_LITERAL_CONVERSION = YES;
				CLANG_WARN_OBJC_ROOT_CLASS = YES_ERROR;
				CLANG_WARN_RANGE_LOOP_ANALYSIS = YES;
				CLANG_WARN_STRICT_PROTOTYPES = YES;
				CLANG_WARN_SUSPICIOUS_MOVE = YES;
				CLANG_WARN_UNGUARDED_AVAILABILITY = YES_AGGRESSIVE;
				CLANG_WARN_UNREACHABLE_CODE = YES;
				CLANG_WARN__DUPLICATE_METHOD_MATCH = YES;
				COPY_PHASE_STRIP = NO;
				DEBUG_INFORMATION_FORMAT = "dwarf-with-dsym";
				ENABLE_NS_ASSERTIONS = NO;
				ENABLE_STRICT_OBJC_MSGSEND = YES;
				GCC_C_LANGUAGE_STANDARD = gnu11;
				GCC_NO_COMMON_BLOCKS = YES;
				GCC_WARN_64_TO_32_BIT_CONVERSION = YES;
				GCC_WARN_ABOUT_RETURN_TYPE = YES_ERROR;
				GCC_WARN_UNDECLARED_SELECTOR = YES;
				GCC_WARN_UNINITIALIZED_AUTOS = YES_AGGRESSIVE;
				GCC_WARN_UNUSED_FUNCTION = YES;
				GCC_WARN_UNUSED_VARIABLE = YES;
				IPHONEOS_DEPLOYMENT_TARGET = 13.6;
				MTL_ENABLE_DEBUG_INFO = NO;
				MTL_FAST_MATH = YES;
				SDKROOT = iphoneos;
				SWIFT_COMPILATION_MODE = wholemodule;
				SWIFT_OPTIMIZATION_LEVEL = "-O";
				VALIDATE_PRODUCT = YES;
			};
			name = Release;
		};
		9BC2F6ED24F8373A006DD70F /* Debug */ = {
			isa = XCBuildConfiguration;
			baseConfigurationReference = FFDB43B1B9A329212224C983 /* Pods-FaceChart.debug.xcconfig */;
			buildSettings = {
				ASSETCATALOG_COMPILER_APPICON_NAME = AppIcon;
				CODE_SIGN_STYLE = Automatic;
				DEVELOPMENT_TEAM = 3FDCJJG32L;
				INFOPLIST_FILE = FaceChart/Info.plist;
				LD_RUNPATH_SEARCH_PATHS = (
					"$(inherited)",
					"@executable_path/Frameworks",
				);
				PRODUCT_BUNDLE_IDENTIFIER = me.miff.FaceChart;
				PRODUCT_NAME = "$(TARGET_NAME)";
				SWIFT_VERSION = 5.0;
				TARGETED_DEVICE_FAMILY = "1,2";
			};
			name = Debug;
		};
		9BC2F6EE24F8373A006DD70F /* Release */ = {
			isa = XCBuildConfiguration;
			baseConfigurationReference = BA3538D4C9CF9BB7EB90064E /* Pods-FaceChart.release.xcconfig */;
			buildSettings = {
				ASSETCATALOG_COMPILER_APPICON_NAME = AppIcon;
				CODE_SIGN_STYLE = Automatic;
				DEVELOPMENT_TEAM = 3FDCJJG32L;
				INFOPLIST_FILE = FaceChart/Info.plist;
				LD_RUNPATH_SEARCH_PATHS = (
					"$(inherited)",
					"@executable_path/Frameworks",
				);
				PRODUCT_BUNDLE_IDENTIFIER = me.miff.FaceChart;
				PRODUCT_NAME = "$(TARGET_NAME)";
				SWIFT_VERSION = 5.0;
				TARGETED_DEVICE_FAMILY = "1,2";
			};
			name = Release;
		};
/* End XCBuildConfiguration section */

/* Begin XCConfigurationList section */
		9BC2F6D324F83735006DD70F /* Build configuration list for PBXProject "FaceChart" */ = {
			isa = XCConfigurationList;
			buildConfigurations = (
				9BC2F6EA24F8373A006DD70F /* Debug */,
				9BC2F6EB24F8373A006DD70F /* Release */,
			);
			defaultConfigurationIsVisible = 0;
			defaultConfigurationName = Release;
		};
		9BC2F6EC24F8373A006DD70F /* Build configuration list for PBXNativeTarget "FaceChart" */ = {
			isa = XCConfigurationList;
			buildConfigurations = (
				9BC2F6ED24F8373A006DD70F /* Debug */,
				9BC2F6EE24F8373A006DD70F /* Release */,
			);
			defaultConfigurationIsVisible = 0;
			defaultConfigurationName = Release;
		};
/* End XCConfigurationList section */
	};
	rootObject = 9BC2F6D024F83735006DD70F /* Project object */;
}
